# Part of the Crubit project, under the Apache License v2.0 with LLVM
# Exceptions. See /LICENSE for license information.
# SPDX-License-Identifier: Apache-2.0 WITH LLVM-exception

# This file is automatically @generated by Cargo.
# It is not intended for manual editing.
version = 3

[[package]]
name = "anyhow"
version = "1.0.86"
source = "registry+https://github.com/rust-lang/crates.io-index"
checksum = "b3d1d046238990b9cf5bcde22a3fb3584ee5cf65fb2765f454ed428c7a0063da"

[[package]]
name = "arc_anyhow"
version = "0.0.0"
dependencies = [
 "anyhow",
]

[[package]]
name = "cc"
version = "1.0.79"
source = "registry+https://github.com/rust-lang/crates.io-index"
checksum = "50d30906286121d95be3d479533b458f87493b30a4b5f79a607db8f5d11aa91f"

[[package]]
name = "code_gen_utils"
version = "0.0.0"
dependencies = [
 "arc_anyhow",
 "itertools",
 "once_cell",
 "proc-macro2",
 "quote",
 "syn",
 "unicode-ident",
]

[[package]]
name = "collect_instantiations"
version = "0.0.0"
dependencies = [
 "arc_anyhow",
 "ffi_types",
 "proc-macro2",
 "serde_json",
 "syn",
]

[[package]]
name = "common_sys"
version = "0.0.0"
dependencies = [
 "crubit_build",
]

[[package]]
name = "crubit_build"
version = "0.0.0"
dependencies = [
 "cc",
]

[[package]]
name = "either"
version = "1.13.0"
source = "registry+https://github.com/rust-lang/crates.io-index"
checksum = "60b1af1c220855b6ceac025d3f6ecdd2b7c4894bfe9cd9bda4fbb4bc7c0d4cf0"

[[package]]
name = "error_report"
version = "0.0.0"
dependencies = [
 "anyhow",
 "arc_anyhow",
 "serde",
 "serde_json",
]

[[package]]
name = "ffi_types"
version = "0.0.0"
dependencies = [
 "arc_anyhow",
 "serde",
]

[[package]]
name = "flagset"
version = "0.4.5"
source = "registry+https://github.com/rust-lang/crates.io-index"
checksum = "cdeb3aa5e95cf9aabc17f060cfa0ced7b83f042390760ca53bf09df9968acaa1"

[[package]]
name = "generate_bindings"
version = "0.0.0"
dependencies = [
 "anyhow",
 "arc_anyhow",
 "code_gen_utils",
 "error_report",
 "ffi_types",
 "flagset",
 "ir",
 "itertools",
 "memoized",
 "once_cell",
 "proc-macro2",
 "quote",
 "syn",
 "token_stream_printer",
]

[[package]]
name = "ir"
version = "0.0.0"
dependencies = [
 "arc_anyhow",
 "code_gen_utils",
 "flagset",
 "once_cell",
 "proc-macro2",
 "quote",
 "serde",
 "serde_json",
]

[[package]]
name = "itertools"
version = "0.13.0"
source = "registry+https://github.com/rust-lang/crates.io-index"
checksum = "413ee7dfc52ee1a4949ceeb7dbc8a33f2d6c088194d9f922fb8318faf1f01186"
dependencies = [
 "either",
]

[[package]]
name = "itoa"
version = "1.0.11"
source = "registry+https://github.com/rust-lang/crates.io-index"
checksum = "49f1f14873335454500d59611f1cf4a4b0f786f9ac11f4312a78e4cf2566695b"

[[package]]
name = "lifetime_analysis_sys"
version = "0.0.0"
dependencies = [
 "crubit_build",
]

[[package]]
name = "lifetime_annotations_sys"
version = "0.0.0"
dependencies = [
 "crubit_build",
]

[[package]]
name = "memoized"
version = "0.0.0"

[[package]]
name = "once_cell"
version = "1.19.0"
source = "registry+https://github.com/rust-lang/crates.io-index"
checksum = "3fdb12b2476b595f9358c5161aa467c2438859caa136dec86c26fdd2efe17b92"

[[package]]
name = "proc-macro2"
version = "1.0.86"
source = "registry+https://github.com/rust-lang/crates.io-index"
checksum = "5e719e8df665df0d1c8fbfd238015744736151d4445ec0836b8e628aae103b77"
dependencies = [
 "unicode-ident",
]

[[package]]
name = "quote"
version = "1.0.36"
source = "registry+https://github.com/rust-lang/crates.io-index"
checksum = "0fa76aaf39101c457836aec0ce2316dbdc3ab723cdda1c6bd4e6ad4208acaca7"
dependencies = [
 "proc-macro2",
]

[[package]]
name = "rs_bindings_from_cc"
version = "0.0.0"
dependencies = [
 "rs_bindings_from_cc_sys",
]

[[package]]
name = "rs_bindings_from_cc_sys"
version = "0.0.0"
dependencies = [
 "collect_instantiations",
 "common_sys",
 "crubit_build",
 "generate_bindings",
 "lifetime_analysis_sys",
 "lifetime_annotations_sys",
]

[[package]]
name = "ryu"
version = "1.0.18"
source = "registry+https://github.com/rust-lang/crates.io-index"
checksum = "f3cb5ba0dc43242ce17de99c180e96db90b235b8a9fdc9543c96d2209116bd9f"

[[package]]
name = "serde"
version = "1.0.204"
source = "registry+https://github.com/rust-lang/crates.io-index"
checksum = "bc76f558e0cbb2a839d37354c575f1dc3fdc6546b5be373ba43d95f231bf7c12"
dependencies = [
 "serde_derive",
]

[[package]]
name = "serde_derive"
version = "1.0.204"
source = "registry+https://github.com/rust-lang/crates.io-index"
checksum = "e0cd7e117be63d3c3678776753929474f3b04a43a080c744d6b0ae2a8c28e222"
dependencies = [
 "proc-macro2",
 "quote",
 "syn",
]

[[package]]
name = "serde_json"
version = "1.0.120"
source = "registry+https://github.com/rust-lang/crates.io-index"
checksum = "4e0d21c9a8cae1235ad58a00c11cb40d4b1e5c784f1ef2c537876ed6ffd8b7c5"
dependencies = [
 "itoa",
 "ryu",
 "serde",
]

[[package]]
name = "syn"
version = "2.0.70"
source = "registry+https://github.com/rust-lang/crates.io-index"
checksum = "2f0209b68b3613b093e0ec905354eccaedcfe83b8cb37cbdeae64026c3064c16"
dependencies = [
 "proc-macro2",
 "quote",
 "unicode-ident",
]

[[package]]
name = "token_stream_printer"
version = "0.0.0"
dependencies = [
 "anyhow",
 "proc-macro2",
]

[[package]]
name = "unicode-ident"
version = "1.0.12"
source = "registry+https://github.com/rust-lang/crates.io-index"
checksum = "3354b9ac3fae1ff6755cb6db53683adb661634f67557942dea4facebec0fee4b"
