{
  "checksum": "1011fd85b7df27532593be862a3b60673d6c2c5584ff01a64e1e880c43a1dd19",
  "crates": {
    "anyhow 1.0.57": {
      "name": "anyhow",
      "version": "1.0.57",
      "repository": {
        "Http": {
          "url": "https://crates.io/api/v1/crates/anyhow/1.0.57/download",
          "sha256": "08f9b8508dccb7687a1d6c4ce66b2b0ecef467c94667de27d8d7fe1f8d2a9cdc"
        }
      },
      "targets": [
        {
          "Library": {
            "crate_name": "anyhow",
            "crate_root": "src/lib.rs",
            "srcs": {
              "include": [
                "**/*.rs"
              ],
              "exclude": []
            }
          }
        },
        {
          "BuildScript": {
            "crate_name": "build_script_build",
            "crate_root": "build.rs",
            "srcs": {
              "include": [
                "**/*.rs"
              ],
              "exclude": []
            }
          }
        }
      ],
      "library_target_name": "anyhow",
      "common_attrs": {
        "compile_data_glob": [
          "**"
        ],
        "crate_features": [
          "default",
          "std"
        ],
        "deps": {
          "common": [
            {
              "id": "anyhow 1.0.57",
              "target": "build_script_build"
            }
          ],
          "selects": {}
        },
        "edition": "2018",
        "version": "1.0.57"
      },
      "build_script_attrs": {
        "data_glob": [
          "**"
        ]
      },
      "license": "MIT OR Apache-2.0"
    },
    "autocfg 1.1.0": {
      "name": "autocfg",
      "version": "1.1.0",
      "repository": {
        "Http": {
          "url": "https://crates.io/api/v1/crates/autocfg/1.1.0/download",
          "sha256": "d468802bab17cbc0cc575e9b053f41e72aa36bfa6b7f55e3529ffa43161b97fa"
        }
      },
      "targets": [
        {
          "Library": {
            "crate_name": "autocfg",
            "crate_root": "src/lib.rs",
            "srcs": {
              "include": [
                "**/*.rs"
              ],
              "exclude": []
            }
          }
        }
      ],
      "library_target_name": "autocfg",
      "common_attrs": {
        "compile_data_glob": [
          "**"
        ],
        "edition": "2015",
        "version": "1.1.0"
      },
      "license": "Apache-2.0 OR MIT"
    },
    "direct-cargo-bazel-deps 0.0.1": {
      "name": "direct-cargo-bazel-deps",
      "version": "0.0.1",
      "repository": null,
      "targets": [
        {
          "Library": {
            "crate_name": "direct_cargo_bazel_deps",
            "crate_root": ".direct_cargo_bazel_deps.rs",
            "srcs": {
              "include": [
                "**/*.rs"
              ],
              "exclude": []
            }
          }
        }
      ],
      "library_target_name": "direct_cargo_bazel_deps",
      "common_attrs": {
        "compile_data_glob": [
          "**"
        ],
        "deps": {
          "common": [
            {
              "id": "anyhow 1.0.57",
              "target": "anyhow"
            },
            {
              "id": "itertools 0.10.3",
              "target": "itertools"
            },
            {
              "id": "maplit 1.0.2",
              "target": "maplit"
            },
            {
              "id": "memoffset 0.6.5",
              "target": "memoffset"
            },
            {
              "id": "pin-project 1.0.10",
              "target": "pin_project"
            },
            {
              "id": "proc-macro2 1.0.39",
              "target": "proc_macro2"
            },
            {
              "id": "quote 1.0.18",
              "target": "quote"
            },
            {
              "id": "serde 1.0.137",
              "target": "serde"
            },
            {
              "id": "serde_json 1.0.81",
              "target": "serde_json"
            },
            {
              "id": "static_assertions 1.1.0",
              "target": "static_assertions"
            },
            {
              "id": "syn 1.0.96",
              "target": "syn"
            }
          ],
          "selects": {}
        },
        "edition": "2018",
        "version": "0.0.1"
      },
      "license": null
    },
    "either 1.6.1": {
      "name": "either",
      "version": "1.6.1",
      "repository": {
        "Http": {
          "url": "https://crates.io/api/v1/crates/either/1.6.1/download",
          "sha256": "e78d4f1cc4ae33bbfc157ed5d5a5ef3bc29227303d595861deb238fcec4e9457"
        }
      },
      "targets": [
        {
          "Library": {
            "crate_name": "either",
            "crate_root": "src/lib.rs",
            "srcs": {
              "include": [
                "**/*.rs"
              ],
              "exclude": []
            }
          }
        }
      ],
      "library_target_name": "either",
      "common_attrs": {
        "compile_data_glob": [
          "**"
        ],
        "edition": "2015",
        "version": "1.6.1"
      },
      "license": "MIT/Apache-2.0"
    },
    "itertools 0.10.3": {
      "name": "itertools",
      "version": "0.10.3",
      "repository": {
        "Http": {
          "url": "https://crates.io/api/v1/crates/itertools/0.10.3/download",
          "sha256": "a9a9d19fa1e79b6215ff29b9d6880b706147f16e9b1dbb1e4e5947b5b02bc5e3"
        }
      },
      "targets": [
        {
          "Library": {
            "crate_name": "itertools",
            "crate_root": "src/lib.rs",
            "srcs": {
              "include": [
                "**/*.rs"
              ],
              "exclude": []
            }
          }
        }
      ],
      "library_target_name": "itertools",
      "common_attrs": {
        "compile_data_glob": [
          "**"
        ],
        "crate_features": [
          "default",
          "use_alloc",
          "use_std"
        ],
        "deps": {
          "common": [
            {
              "id": "either 1.6.1",
              "target": "either"
            }
          ],
          "selects": {}
        },
        "edition": "2018",
        "version": "0.10.3"
      },
      "license": "MIT/Apache-2.0"
    },
    "itoa 1.0.2": {
      "name": "itoa",
      "version": "1.0.2",
      "repository": {
        "Http": {
          "url": "https://crates.io/api/v1/crates/itoa/1.0.2/download",
          "sha256": "112c678d4050afce233f4f2852bb2eb519230b3cf12f33585275537d7e41578d"
        }
      },
      "targets": [
        {
          "Library": {
            "crate_name": "itoa",
            "crate_root": "src/lib.rs",
            "srcs": {
              "include": [
                "**/*.rs"
              ],
              "exclude": []
            }
          }
        }
      ],
      "library_target_name": "itoa",
      "common_attrs": {
        "compile_data_glob": [
          "**"
        ],
        "edition": "2018",
        "version": "1.0.2"
      },
      "license": "MIT OR Apache-2.0"
    },
    "maplit 1.0.2": {
      "name": "maplit",
      "version": "1.0.2",
      "repository": {
        "Http": {
          "url": "https://crates.io/api/v1/crates/maplit/1.0.2/download",
          "sha256": "3e2e65a1a2e43cfcb47a895c4c8b10d1f4a61097f9f254f183aee60cad9c651d"
        }
      },
      "targets": [
        {
          "Library": {
            "crate_name": "maplit",
            "crate_root": "src/lib.rs",
            "srcs": {
              "include": [
                "**/*.rs"
              ],
              "exclude": []
            }
          }
        }
      ],
      "library_target_name": "maplit",
      "common_attrs": {
        "compile_data_glob": [
          "**"
        ],
        "edition": "2015",
        "version": "1.0.2"
      },
      "license": "MIT/Apache-2.0"
    },
    "memoffset 0.6.5": {
      "name": "memoffset",
      "version": "0.6.5",
      "repository": {
        "Http": {
          "url": "https://crates.io/api/v1/crates/memoffset/0.6.5/download",
          "sha256": "5aa361d4faea93603064a027415f07bd8e1d5c88c9fbf68bf56a285428fd79ce"
        }
      },
      "targets": [
        {
          "Library": {
            "crate_name": "memoffset",
            "crate_root": "src/lib.rs",
            "srcs": {
              "include": [
                "**/*.rs"
              ],
              "exclude": []
            }
          }
        },
        {
          "BuildScript": {
            "crate_name": "build_script_build",
            "crate_root": "build.rs",
            "srcs": {
              "include": [
                "**/*.rs"
              ],
              "exclude": []
            }
          }
        }
      ],
      "library_target_name": "memoffset",
      "common_attrs": {
        "compile_data_glob": [
          "**"
        ],
        "crate_features": [
          "default"
        ],
        "deps": {
          "common": [
            {
              "id": "memoffset 0.6.5",
              "target": "build_script_build"
            }
          ],
          "selects": {}
        },
        "edition": "2015",
        "version": "0.6.5"
      },
      "build_script_attrs": {
        "data_glob": [
          "**"
        ],
        "deps": {
          "common": [
            {
              "id": "autocfg 1.1.0",
              "target": "autocfg"
            }
          ],
          "selects": {}
        }
      },
      "license": "MIT"
    },
    "pin-project 1.0.10": {
      "name": "pin-project",
      "version": "1.0.10",
      "repository": {
        "Http": {
          "url": "https://crates.io/api/v1/crates/pin-project/1.0.10/download",
          "sha256": "58ad3879ad3baf4e44784bc6a718a8698867bb991f8ce24d1bcbe2cfb4c3a75e"
        }
      },
      "targets": [
        {
          "Library": {
            "crate_name": "pin_project",
            "crate_root": "src/lib.rs",
            "srcs": {
              "include": [
                "**/*.rs"
              ],
              "exclude": []
            }
          }
        }
      ],
      "library_target_name": "pin_project",
      "common_attrs": {
        "compile_data_glob": [
          "**"
        ],
        "edition": "2018",
        "proc_macro_deps": {
          "common": [
            {
              "id": "pin-project-internal 1.0.10",
              "target": "pin_project_internal"
            }
          ],
          "selects": {}
        },
        "version": "1.0.10"
      },
      "license": "Apache-2.0 OR MIT"
    },
    "pin-project-internal 1.0.10": {
      "name": "pin-project-internal",
      "version": "1.0.10",
      "repository": {
        "Http": {
          "url": "https://crates.io/api/v1/crates/pin-project-internal/1.0.10/download",
          "sha256": "744b6f092ba29c3650faf274db506afd39944f48420f6c86b17cfe0ee1cb36bb"
        }
      },
      "targets": [
        {
          "ProcMacro": {
            "crate_name": "pin_project_internal",
            "crate_root": "src/lib.rs",
            "srcs": {
              "include": [
                "**/*.rs"
              ],
              "exclude": []
            }
          }
        }
      ],
      "library_target_name": "pin_project_internal",
      "common_attrs": {
        "compile_data_glob": [
          "**"
        ],
        "deps": {
          "common": [
            {
              "id": "proc-macro2 1.0.39",
              "target": "proc_macro2"
            },
            {
              "id": "quote 1.0.18",
              "target": "quote"
            },
            {
              "id": "syn 1.0.96",
              "target": "syn"
            }
          ],
          "selects": {}
        },
        "edition": "2018",
        "version": "1.0.10"
      },
      "license": "Apache-2.0 OR MIT"
    },
    "proc-macro2 1.0.39": {
      "name": "proc-macro2",
      "version": "1.0.39",
      "repository": {
        "Http": {
          "url": "https://crates.io/api/v1/crates/proc-macro2/1.0.39/download",
          "sha256": "c54b25569025b7fc9651de43004ae593a75ad88543b17178aa5e1b9c4f15f56f"
        }
      },
      "targets": [
        {
          "Library": {
            "crate_name": "proc_macro2",
            "crate_root": "src/lib.rs",
            "srcs": {
              "include": [
                "**/*.rs"
              ],
              "exclude": []
            }
          }
        },
        {
          "BuildScript": {
            "crate_name": "build_script_build",
            "crate_root": "build.rs",
            "srcs": {
              "include": [
                "**/*.rs"
              ],
              "exclude": []
            }
          }
        }
      ],
      "library_target_name": "proc_macro2",
      "common_attrs": {
        "compile_data_glob": [
          "**"
        ],
        "crate_features": [
          "default",
          "proc-macro"
        ],
        "deps": {
          "common": [
            {
              "id": "proc-macro2 1.0.39",
              "target": "build_script_build"
            },
            {
              "id": "unicode-ident 1.0.0",
              "target": "unicode_ident"
            }
          ],
          "selects": {}
        },
        "edition": "2018",
        "version": "1.0.39"
      },
      "build_script_attrs": {
        "data_glob": [
          "**"
        ]
      },
      "license": "MIT OR Apache-2.0"
    },
    "quote 1.0.18": {
      "name": "quote",
      "version": "1.0.18",
      "repository": {
        "Http": {
          "url": "https://crates.io/api/v1/crates/quote/1.0.18/download",
          "sha256": "a1feb54ed693b93a84e14094943b84b7c4eae204c512b7ccb95ab0c66d278ad1"
        }
      },
      "targets": [
        {
          "Library": {
            "crate_name": "quote",
            "crate_root": "src/lib.rs",
            "srcs": {
              "include": [
                "**/*.rs"
              ],
              "exclude": []
            }
          }
        }
      ],
      "library_target_name": "quote",
      "common_attrs": {
        "compile_data_glob": [
          "**"
        ],
        "crate_features": [
          "default",
          "proc-macro"
        ],
        "deps": {
          "common": [
            {
              "id": "proc-macro2 1.0.39",
              "target": "proc_macro2"
            }
          ],
          "selects": {}
        },
        "edition": "2018",
        "version": "1.0.18"
      },
      "license": "MIT OR Apache-2.0"
    },
    "ryu 1.0.10": {
      "name": "ryu",
      "version": "1.0.10",
      "repository": {
        "Http": {
          "url": "https://crates.io/api/v1/crates/ryu/1.0.10/download",
          "sha256": "f3f6f92acf49d1b98f7a81226834412ada05458b7364277387724a237f062695"
        }
      },
      "targets": [
        {
          "Library": {
            "crate_name": "ryu",
            "crate_root": "src/lib.rs",
            "srcs": {
              "include": [
                "**/*.rs"
              ],
              "exclude": []
            }
          }
        }
      ],
      "library_target_name": "ryu",
      "common_attrs": {
        "compile_data_glob": [
          "**"
        ],
        "edition": "2018",
        "version": "1.0.10"
      },
      "license": "Apache-2.0 OR BSL-1.0"
    },
    "serde 1.0.137": {
      "name": "serde",
      "version": "1.0.137",
      "repository": {
        "Http": {
          "url": "https://crates.io/api/v1/crates/serde/1.0.137/download",
          "sha256": "61ea8d54c77f8315140a05f4c7237403bf38b72704d031543aa1d16abbf517d1"
        }
      },
      "targets": [
        {
          "Library": {
            "crate_name": "serde",
            "crate_root": "src/lib.rs",
            "srcs": {
              "include": [
                "**/*.rs"
              ],
              "exclude": []
            }
          }
        },
        {
          "BuildScript": {
            "crate_name": "build_script_build",
            "crate_root": "build.rs",
            "srcs": {
              "include": [
                "**/*.rs"
              ],
              "exclude": []
            }
          }
        }
      ],
      "library_target_name": "serde",
      "common_attrs": {
        "compile_data_glob": [
          "**"
        ],
        "crate_features": [
          "default",
          "derive",
          "serde_derive",
          "std"
        ],
        "deps": {
          "common": [
            {
              "id": "serde 1.0.137",
              "target": "build_script_build"
            }
          ],
          "selects": {}
        },
        "edition": "2015",
        "proc_macro_deps": {
          "common": [
            {
              "id": "serde_derive 1.0.137",
              "target": "serde_derive"
            }
          ],
          "selects": {}
        },
        "version": "1.0.137"
      },
      "build_script_attrs": {
        "data_glob": [
          "**"
        ]
      },
      "license": "MIT OR Apache-2.0"
    },
    "serde_derive 1.0.137": {
      "name": "serde_derive",
      "version": "1.0.137",
      "repository": {
        "Http": {
          "url": "https://crates.io/api/v1/crates/serde_derive/1.0.137/download",
          "sha256": "1f26faba0c3959972377d3b2d306ee9f71faee9714294e41bb777f83f88578be"
        }
      },
      "targets": [
        {
          "ProcMacro": {
            "crate_name": "serde_derive",
            "crate_root": "src/lib.rs",
            "srcs": {
              "include": [
                "**/*.rs"
              ],
              "exclude": []
            }
          }
        },
        {
          "BuildScript": {
            "crate_name": "build_script_build",
            "crate_root": "build.rs",
            "srcs": {
              "include": [
                "**/*.rs"
              ],
              "exclude": []
            }
          }
        }
      ],
      "library_target_name": "serde_derive",
      "common_attrs": {
        "compile_data_glob": [
          "**"
        ],
        "crate_features": [
          "default"
        ],
        "deps": {
          "common": [
            {
              "id": "proc-macro2 1.0.39",
              "target": "proc_macro2"
            },
            {
              "id": "quote 1.0.18",
              "target": "quote"
            },
            {
              "id": "serde_derive 1.0.137",
              "target": "build_script_build"
            },
            {
              "id": "syn 1.0.96",
              "target": "syn"
            }
          ],
          "selects": {}
        },
        "edition": "2015",
        "version": "1.0.137"
      },
      "build_script_attrs": {
        "data_glob": [
          "**"
        ]
      },
      "license": "MIT OR Apache-2.0"
    },
    "serde_json 1.0.81": {
      "name": "serde_json",
      "version": "1.0.81",
      "repository": {
        "Http": {
          "url": "https://crates.io/api/v1/crates/serde_json/1.0.81/download",
          "sha256": "9b7ce2b32a1aed03c558dc61a5cd328f15aff2dbc17daad8fb8af04d2100e15c"
        }
      },
      "targets": [
        {
          "Library": {
            "crate_name": "serde_json",
            "crate_root": "src/lib.rs",
            "srcs": {
              "include": [
                "**/*.rs"
              ],
              "exclude": []
            }
          }
        },
        {
          "BuildScript": {
            "crate_name": "build_script_build",
            "crate_root": "build.rs",
            "srcs": {
              "include": [
                "**/*.rs"
              ],
              "exclude": []
            }
          }
        }
      ],
      "library_target_name": "serde_json",
      "common_attrs": {
        "compile_data_glob": [
          "**"
        ],
        "crate_features": [
          "default",
          "std"
        ],
        "deps": {
          "common": [
            {
              "id": "itoa 1.0.2",
              "target": "itoa"
            },
            {
              "id": "ryu 1.0.10",
              "target": "ryu"
            },
            {
              "id": "serde 1.0.137",
              "target": "serde"
            },
            {
              "id": "serde_json 1.0.81",
              "target": "build_script_build"
            }
          ],
          "selects": {}
        },
        "edition": "2018",
        "version": "1.0.81"
      },
      "build_script_attrs": {
        "data_glob": [
          "**"
        ]
      },
      "license": "MIT OR Apache-2.0"
    },
    "static_assertions 1.1.0": {
      "name": "static_assertions",
      "version": "1.1.0",
      "repository": {
        "Http": {
          "url": "https://crates.io/api/v1/crates/static_assertions/1.1.0/download",
          "sha256": "a2eb9349b6444b326872e140eb1cf5e7c522154d69e7a0ffb0fb81c06b37543f"
        }
      },
      "targets": [
        {
          "Library": {
            "crate_name": "static_assertions",
            "crate_root": "src/lib.rs",
            "srcs": {
              "include": [
                "**/*.rs"
              ],
              "exclude": []
            }
          }
        }
      ],
      "library_target_name": "static_assertions",
      "common_attrs": {
        "compile_data_glob": [
          "**"
        ],
        "edition": "2015",
        "version": "1.1.0"
      },
      "license": "MIT OR Apache-2.0"
    },
    "syn 1.0.96": {
      "name": "syn",
      "version": "1.0.96",
      "repository": {
        "Http": {
          "url": "https://crates.io/api/v1/crates/syn/1.0.96/download",
          "sha256": "0748dd251e24453cb8717f0354206b91557e4ec8703673a4b30208f2abaf1ebf"
        }
      },
      "targets": [
        {
          "Library": {
            "crate_name": "syn",
            "crate_root": "src/lib.rs",
            "srcs": {
              "include": [
                "**/*.rs"
              ],
              "exclude": []
            }
          }
        },
        {
          "BuildScript": {
            "crate_name": "build_script_build",
            "crate_root": "build.rs",
            "srcs": {
              "include": [
                "**/*.rs"
              ],
              "exclude": []
            }
          }
        }
      ],
      "library_target_name": "syn",
      "common_attrs": {
        "compile_data_glob": [
          "**"
        ],
        "crate_features": [
          "clone-impls",
          "default",
          "derive",
          "extra-traits",
          "full",
          "parsing",
          "printing",
          "proc-macro",
          "quote",
          "visit-mut"
        ],
        "deps": {
          "common": [
            {
              "id": "proc-macro2 1.0.39",
              "target": "proc_macro2"
            },
            {
              "id": "quote 1.0.18",
              "target": "quote"
            },
            {
              "id": "syn 1.0.96",
              "target": "build_script_build"
            },
            {
              "id": "unicode-ident 1.0.0",
              "target": "unicode_ident"
            }
          ],
          "selects": {}
        },
        "edition": "2018",
        "version": "1.0.96"
      },
      "build_script_attrs": {
        "data_glob": [
          "**"
        ]
      },
      "license": "MIT OR Apache-2.0"
    },
    "unicode-ident 1.0.0": {
      "name": "unicode-ident",
      "version": "1.0.0",
      "repository": {
        "Http": {
          "url": "https://crates.io/api/v1/crates/unicode-ident/1.0.0/download",
          "sha256": "d22af068fba1eb5edcb4aea19d382b2a3deb4c8f9d475c589b6ada9e0fd493ee"
        }
      },
      "targets": [
        {
          "Library": {
            "crate_name": "unicode_ident",
            "crate_root": "src/lib.rs",
            "srcs": {
              "include": [
                "**/*.rs"
              ],
              "exclude": []
            }
          }
        }
      ],
      "library_target_name": "unicode_ident",
      "common_attrs": {
        "compile_data_glob": [
          "**"
        ],
        "edition": "2018",
        "version": "1.0.0"
      },
      "license": "MIT OR Apache-2.0"
    }
  },
  "binary_crates": [],
  "workspace_members": {
    "direct-cargo-bazel-deps 0.0.1": ""
  },
  "conditions": {}
}