# This file is automatically @generated by Cargo.
# It is not intended for manual editing.
version = 4

[[package]]
name = "aho-corasick"
version = "1.1.4"
source = "registry+https://github.com/rust-lang/crates.io-index"
checksum = "ddd31a130427c27518df266943a5308ed92d4b226cc639f5a8f1002816174301"
dependencies = [
 "memchr",
]

[[package]]
name = "annotation_reader_sys"
version = "0.0.0"
dependencies = [
 "crubit_build",
]

[[package]]
name = "anstream"
version = "1.0.0"
source = "registry+https://github.com/rust-lang/crates.io-index"
checksum = "824a212faf96e9acacdbd09febd34438f8f711fb84e09a8916013cd7815ca28d"
dependencies = [
 "anstyle",
 "anstyle-parse",
 "anstyle-query",
 "anstyle-wincon",
 "colorchoice",
 "is_terminal_polyfill",
 "utf8parse",
]

[[package]]
name = "anstyle"
version = "1.0.14"
source = "registry+https://github.com/rust-lang/crates.io-index"
checksum = "940b3a0ca603d1eade50a4846a2afffd5ef57a9feac2c0e2ec2e14f9ead76000"

[[package]]
name = "anstyle-parse"
version = "1.0.0"
source = "registry+https://github.com/rust-lang/crates.io-index"
checksum = "52ce7f38b242319f7cabaa6813055467063ecdc9d355bbb4ce0c68908cd8130e"
dependencies = [
 "utf8parse",
]

[[package]]
name = "anstyle-query"
version = "1.1.5"
source = "registry+https://github.com/rust-lang/crates.io-index"
checksum = "40c48f72fd53cd289104fc64099abca73db4166ad86ea0b4341abe65af83dadc"
dependencies = [
 "windows-sys",
]

[[package]]
name = "anstyle-wincon"
version = "3.0.11"
source = "registry+https://github.com/rust-lang/crates.io-index"
checksum = "291e6a250ff86cd4a820112fb8898808a366d8f9f58ce16d1f538353ad55747d"
dependencies = [
 "anstyle",
 "once_cell_polyfill",
 "windows-sys",
]

[[package]]
name = "anyhow"
version = "1.0.102"
source = "registry+https://github.com/rust-lang/crates.io-index"
checksum = "7f202df86484c868dbad7eaa557ef785d5c66295e41b460ef922eca0723b842c"

[[package]]
name = "arc_anyhow"
version = "0.0.0"
dependencies = [
 "anyhow",
 "googletest",
]

[[package]]
name = "autocfg"
version = "1.5.0"
source = "registry+https://github.com/rust-lang/crates.io-index"
checksum = "c08606f8c3cbf4ce6ec8e28fb0014a2c086708fe954eaa885384a6165172e7e8"

[[package]]
name = "base64"
version = "0.22.1"
source = "registry+https://github.com/rust-lang/crates.io-index"
checksum = "72b3254f16251a8381aa12e40e3c4d2f0199f8c6508fbecb9d91f575e0fbb8c6"

[[package]]
name = "bitflags"
version = "2.11.1"
source = "registry+https://github.com/rust-lang/crates.io-index"
checksum = "c4512299f36f043ab09a583e57bceb5a5aab7a73db1805848e8fef3c9e8c78b3"

[[package]]
name = "camino"
version = "1.2.2"
source = "registry+https://github.com/rust-lang/crates.io-index"
checksum = "e629a66d692cb9ff1a1c664e41771b3dcaf961985a9774c0eb0bd1b51cf60a48"
dependencies = [
 "serde_core",
]

[[package]]
name = "cargo-cpp_api_from_rust"
version = "0.0.0"
dependencies = [
 "arc_anyhow",
 "cargo_metadata",
 "cc_bindings_from_rs_cmdline",
 "cc_bindings_from_rs_cpp_api_from_rust_lib",
 "cc_bindings_from_rs_toposort",
 "clap",
 "clap-cargo",
 "tempfile",
]

[[package]]
name = "cargo-platform"
version = "0.3.3"
source = "registry+https://github.com/rust-lang/crates.io-index"
checksum = "dd0061da739915fae12ea00e16397555ed4371a6bb285431aab930f61b0aa4ba"
dependencies = [
 "serde",
 "serde_core",
]

[[package]]
name = "cargo_metadata"
version = "0.23.1"
source = "registry+https://github.com/rust-lang/crates.io-index"
checksum = "ef987d17b0a113becdd19d3d0022d04d7ef41f9efe4f3fb63ac44ba61df3ade9"
dependencies = [
 "camino",
 "cargo-platform",
 "semver",
 "serde",
 "serde_json",
 "thiserror 2.0.18",
]

[[package]]
name = "cc"
version = "1.2.61"
source = "registry+https://github.com/rust-lang/crates.io-index"
checksum = "d16d90359e986641506914ba71350897565610e87ce0ad9e6f28569db3dd5c6d"
dependencies = [
 "find-msvc-tools",
 "jobserver",
 "libc",
 "shlex",
]

[[package]]
name = "cc_bindings_from_rs"
version = "0.0.0"
dependencies = [
 "arc_anyhow",
 "cc_bindings_from_rs_cmdline",
 "cc_bindings_from_rs_cpp_api_from_rust_lib",
 "clap",
 "itertools",
]

[[package]]
name = "cc_bindings_from_rs_cmdline"
version = "0.0.0"
dependencies = [
 "anyhow",
 "cc_bindings_from_rs_run_compiler_test_support",
 "clap",
 "crubit_feature",
 "dyn_format",
 "flagset",
 "itertools",
 "tempfile",
]

[[package]]
name = "cc_bindings_from_rs_cpp_api_from_rust_lib"
version = "0.0.0"
dependencies = [
 "arc_anyhow",
 "cc_bindings_from_rs_cmdline",
 "cc_bindings_from_rs_generate_bindings",
 "cc_bindings_from_rs_run_compiler",
 "cc_bindings_from_rs_run_compiler_test_support",
 "clap",
 "code_gen_utils",
 "crubit_feature",
 "error_report",
 "external_binaries",
 "flagset",
 "itertools",
 "kythe_metadata",
 "regex",
 "rustversion",
 "tempfile",
 "token_stream_printer",
]

[[package]]
name = "cc_bindings_from_rs_crubit_attr"
version = "0.0.0"
dependencies = [
 "anyhow",
 "cc_bindings_from_rs_crubit_attr",
 "cc_bindings_from_rs_run_compiler_test_support",
 "rustversion",
]

[[package]]
name = "cc_bindings_from_rs_database"
version = "0.0.0"
dependencies = [
 "arc_anyhow",
 "cc_bindings_from_rs_crubit_attr",
 "code_gen_utils",
 "crubit_abi_type",
 "crubit_feature",
 "dyn_format",
 "error_report",
 "flagset",
 "itertools",
 "memoized",
 "proc-macro2",
 "quote",
]

[[package]]
name = "cc_bindings_from_rs_generate_bindings"
version = "0.0.0"
dependencies = [
 "arc_anyhow",
 "cc_bindings_from_rs_crubit_attr",
 "cc_bindings_from_rs_database",
 "cc_bindings_from_rs_generate_bindings",
 "cc_bindings_from_rs_query_compiler",
 "cc_bindings_from_rs_run_compiler",
 "cc_bindings_from_rs_run_compiler_test_support",
 "cc_bindings_from_rs_test_helpers",
 "cc_bindings_from_rs_toposort",
 "code_gen_utils",
 "crubit_abi_type",
 "crubit_feature",
 "dyn_format",
 "error_report",
 "flagset",
 "itertools",
 "proc-macro2",
 "quote",
 "rustversion",
 "syn",
 "token_stream_matchers",
 "token_stream_printer",
]

[[package]]
name = "cc_bindings_from_rs_query_compiler"
version = "0.0.0"
dependencies = [
 "arc_anyhow",
 "error_report",
 "rustversion",
]

[[package]]
name = "cc_bindings_from_rs_run_compiler"
version = "0.0.0"
dependencies = [
 "arc_anyhow",
 "cc_bindings_from_rs_run_compiler_test_support",
 "either",
 "rustversion",
 "tempfile",
]

[[package]]
name = "cc_bindings_from_rs_run_compiler_test_support"
version = "0.0.0"
dependencies = [
 "itertools",
 "rustversion",
 "tempfile",
]

[[package]]
name = "cc_bindings_from_rs_test_helpers"
version = "0.0.0"
dependencies = [
 "arc_anyhow",
 "cc_bindings_from_rs_database",
 "cc_bindings_from_rs_generate_bindings",
 "cc_bindings_from_rs_run_compiler_test_support",
 "code_gen_utils",
 "crubit_feature",
 "dyn_format",
 "error_report",
 "flagset",
]

[[package]]
name = "cc_bindings_from_rs_toposort"
version = "0.0.0"

[[package]]
name = "cc_ffi_types_sys"
version = "0.0.0"
dependencies = [
 "crubit_build",
 "ffi_types",
]

[[package]]
name = "cfg-if"
version = "1.0.4"
source = "registry+https://github.com/rust-lang/crates.io-index"
checksum = "9330f8b2ff13f34540b44e946ef35111825727b38d33286ef986142615121801"

[[package]]
name = "clap"
version = "4.6.1"
source = "registry+https://github.com/rust-lang/crates.io-index"
checksum = "1ddb117e43bbf7dacf0a4190fef4d345b9bad68dfc649cb349e7d17d28428e51"
dependencies = [
 "clap_builder",
 "clap_derive",
]

[[package]]
name = "clap-cargo"
version = "0.18.3"
source = "registry+https://github.com/rust-lang/crates.io-index"
checksum = "936551935c8258754bb8216aec040957d261f977303754b9bf1a213518388006"
dependencies = [
 "anstyle",
 "cargo_metadata",
 "clap",
 "serde",
 "serde_json",
]

[[package]]
name = "clap_builder"
version = "4.6.0"
source = "registry+https://github.com/rust-lang/crates.io-index"
checksum = "714a53001bf66416adb0e2ef5ac857140e7dc3a0c48fb28b2f10762fc4b5069f"
dependencies = [
 "anstream",
 "anstyle",
 "clap_lex",
 "strsim",
]

[[package]]
name = "clap_derive"
version = "4.6.1"
source = "registry+https://github.com/rust-lang/crates.io-index"
checksum = "f2ce8604710f6733aa641a2b3731eaa1e8b3d9973d5e3565da11800813f997a9"
dependencies = [
 "heck",
 "proc-macro2",
 "quote",
 "syn",
]

[[package]]
name = "clap_lex"
version = "1.1.0"
source = "registry+https://github.com/rust-lang/crates.io-index"
checksum = "c8d4a3bb8b1e0c1050499d1815f5ab16d04f0959b233085fb31653fbfc9d98f9"

[[package]]
name = "code_gen_utils"
version = "0.0.0"
dependencies = [
 "arc_anyhow",
 "dyn_format",
 "googletest",
 "heck",
 "itertools",
 "phf",
 "proc-macro2",
 "quote",
 "syn",
 "token_stream_matchers",
 "token_stream_printer",
 "unicode-ident",
]

[[package]]
name = "colorchoice"
version = "1.0.5"
source = "registry+https://github.com/rust-lang/crates.io-index"
checksum = "1d07550c9036bf2ae0c684c4297d503f838287c83c53686d05370d0e139ae570"

[[package]]
name = "crubit_abi_type"
version = "0.0.0"
dependencies = [
 "googletest",
 "proc-macro2",
 "quote",
]

[[package]]
name = "crubit_build"
version = "0.0.0"
dependencies = [
 "cc",
]

[[package]]
name = "crubit_feature"
version = "0.0.0"
dependencies = [
 "flagset",
 "googletest",
 "serde",
 "serde_json",
]

[[package]]
name = "dyn_format"
version = "0.0.0"
dependencies = [
 "anyhow",
 "dyn_format",
 "googletest",
]

[[package]]
name = "either"
version = "1.15.0"
source = "registry+https://github.com/rust-lang/crates.io-index"
checksum = "48c757948c5ede0e46177b7add2e67155f70e33c07fea8284df6576da70b3719"

[[package]]
name = "equivalent"
version = "1.0.2"
source = "registry+https://github.com/rust-lang/crates.io-index"
checksum = "877a4ace8713b0bcf2a4e7eec82529c029f1d0619886d18145fea96c3ffe5c0f"

[[package]]
name = "errno"
version = "0.3.14"
source = "registry+https://github.com/rust-lang/crates.io-index"
checksum = "39cab71617ae0d63f51a36d69f866391735b51691dbda63cf6f96d042b63efeb"
dependencies = [
 "libc",
 "windows-sys",
]

[[package]]
name = "error_report"
version = "0.0.0"
dependencies = [
 "anyhow",
 "arc_anyhow",
 "googletest",
 "regex",
 "serde",
 "serde_json",
]

[[package]]
name = "errors"
version = "0.0.0"
dependencies = [
 "anyhow",
 "arc_anyhow",
 "error_report",
 "errors",
 "googletest",
 "serde_json",
]

[[package]]
name = "external_binaries"
version = "0.0.0"

[[package]]
name = "fastrand"
version = "2.4.1"
source = "registry+https://github.com/rust-lang/crates.io-index"
checksum = "9f1f227452a390804cdb637b74a86990f2a7d7ba4b7d5693aac9b4dd6defd8d6"

[[package]]
name = "ffi_11"
version = "0.0.3"
dependencies = [
 "static_assertions",
]

[[package]]
name = "ffi_types"
version = "0.0.0"
dependencies = [
 "googletest",
]

[[package]]
name = "file_io_sys"
version = "0.0.0"
dependencies = [
 "crubit_build",
]

[[package]]
name = "find-msvc-tools"
version = "0.1.9"
source = "registry+https://github.com/rust-lang/crates.io-index"
checksum = "5baebc0774151f905a1a2cc41989300b1e6fbb29aff0ceffa1064fdd3088d582"

[[package]]
name = "flagset"
version = "0.4.7"
source = "registry+https://github.com/rust-lang/crates.io-index"
checksum = "b7ac824320a75a52197e8f2d787f6a38b6718bb6897a35142d749af3c0e8f4fe"

[[package]]
name = "foldhash"
version = "0.1.5"
source = "registry+https://github.com/rust-lang/crates.io-index"
checksum = "d9c4f5dac5e15c24eb999c26181a6ca40b39fe946cbe4c263c7209467bc83af2"

[[package]]
name = "getrandom"
version = "0.3.4"
source = "registry+https://github.com/rust-lang/crates.io-index"
checksum = "899def5c37c4fd7b2664648c28120ecec138e4d395b459e5ca34f9cce2dd77fd"
dependencies = [
 "cfg-if",
 "libc",
 "r-efi 5.3.0",
 "wasip2",
]

[[package]]
name = "getrandom"
version = "0.4.2"
source = "registry+https://github.com/rust-lang/crates.io-index"
checksum = "0de51e6874e94e7bf76d726fc5d13ba782deca734ff60d5bb2fb2607c7406555"
dependencies = [
 "cfg-if",
 "libc",
 "r-efi 6.0.0",
 "wasip2",
 "wasip3",
]

[[package]]
name = "googletest"
version = "0.14.2"
source = "registry+https://github.com/rust-lang/crates.io-index"
checksum = "06597b7d02ee58b9a37f522785ac15b9e18c6b178747c4439a6c03fbb35ea753"
dependencies = [
 "googletest_macro",
 "num-traits",
 "regex",
 "rustversion",
]

[[package]]
name = "googletest_macro"
version = "0.14.2"
source = "registry+https://github.com/rust-lang/crates.io-index"
checksum = "c31d9f07c9c19b855faebf71637be3b43f8e13a518aece5d61a3beee7710b4ef"
dependencies = [
 "proc-macro2",
 "quote",
 "syn",
]

[[package]]
name = "hashbrown"
version = "0.15.5"
source = "registry+https://github.com/rust-lang/crates.io-index"
checksum = "9229cfe53dfd69f0609a49f65461bd93001ea1ef889cd5529dd176593f5338a1"
dependencies = [
 "foldhash",
]

[[package]]
name = "hashbrown"
version = "0.17.0"
source = "registry+https://github.com/rust-lang/crates.io-index"
checksum = "4f467dd6dccf739c208452f8014c75c18bb8301b050ad1cfb27153803edb0f51"

[[package]]
name = "heck"
version = "0.5.0"
source = "registry+https://github.com/rust-lang/crates.io-index"
checksum = "2304e00983f87ffb38b55b444b5e3b60a884b5d30c0fca7d82fe33449bbe55ea"

[[package]]
name = "id-arena"
version = "2.3.0"
source = "registry+https://github.com/rust-lang/crates.io-index"
checksum = "3d3067d79b975e8844ca9eb072e16b31c3c1c36928edf9c6789548c524d0d954"

[[package]]
name = "indenter"
version = "0.3.4"
source = "registry+https://github.com/rust-lang/crates.io-index"
checksum = "964de6e86d545b246d84badc0fef527924ace5134f30641c203ef52ba83f58d5"

[[package]]
name = "indexmap"
version = "2.14.0"
source = "registry+https://github.com/rust-lang/crates.io-index"
checksum = "d466e9454f08e4a911e14806c24e16fba1b4c121d1ea474396f396069cf949d9"
dependencies = [
 "equivalent",
 "hashbrown 0.17.0",
 "serde",
 "serde_core",
]

[[package]]
name = "is_terminal_polyfill"
version = "1.70.2"
source = "registry+https://github.com/rust-lang/crates.io-index"
checksum = "a6cb138bb79a146c1bd460005623e142ef0181e3d0219cb493e02f7d08a35695"

[[package]]
name = "itertools"
version = "0.13.0"
source = "registry+https://github.com/rust-lang/crates.io-index"
checksum = "413ee7dfc52ee1a4949ceeb7dbc8a33f2d6c088194d9f922fb8318faf1f01186"
dependencies = [
 "either",
]

[[package]]
name = "itoa"
version = "1.0.18"
source = "registry+https://github.com/rust-lang/crates.io-index"
checksum = "8f42a60cbdf9a97f5d2305f08a87dc4e09308d1276d28c869c684d7777685682"

[[package]]
name = "jobserver"
version = "0.1.34"
source = "registry+https://github.com/rust-lang/crates.io-index"
checksum = "9afb3de4395d6b3e67a780b6de64b51c978ecf11cb9a462c66be7d4ca9039d33"
dependencies = [
 "getrandom 0.3.4",
 "libc",
]

[[package]]
name = "kythe_metadata"
version = "0.0.0"
dependencies = [
 "anyhow",
 "base64",
 "googletest",
 "serde",
 "serde_json",
 "token_stream_printer",
]

[[package]]
name = "leb128fmt"
version = "0.1.0"
source = "registry+https://github.com/rust-lang/crates.io-index"
checksum = "09edd9e8b54e49e587e4f6295a7d29c3ea94d469cb40ab8ca70b288248a81db2"

[[package]]
name = "libc"
version = "0.2.186"
source = "registry+https://github.com/rust-lang/crates.io-index"
checksum = "68ab91017fe16c622486840e4c83c9a37afeff978bd239b5293d61ece587de66"

[[package]]
name = "lifetime_annotations_sys"
version = "0.0.0"
dependencies = [
 "crubit_build",
 "lifetime_symbol_table_sys",
 "lifetime_sys",
 "pointee_type_sys",
 "type_lifetimes_sys",
]

[[package]]
name = "lifetime_substitutions_sys"
version = "0.0.0"
dependencies = [
 "crubit_build",
 "lifetime_sys",
]

[[package]]
name = "lifetime_symbol_table_sys"
version = "0.0.0"
dependencies = [
 "crubit_build",
 "lifetime_sys",
]

[[package]]
name = "lifetime_sys"
version = "0.0.0"
dependencies = [
 "crubit_build",
]

[[package]]
name = "linux-raw-sys"
version = "0.12.1"
source = "registry+https://github.com/rust-lang/crates.io-index"
checksum = "32a66949e030da00e8c7d4434b251670a91556f4144941d37452769c25d58a53"

[[package]]
name = "log"
version = "0.4.29"
source = "registry+https://github.com/rust-lang/crates.io-index"
checksum = "5e5032e24019045c762d3c0f28f5b6b8bbf38563a65908389bf7978758920897"

[[package]]
name = "memchr"
version = "2.8.0"
source = "registry+https://github.com/rust-lang/crates.io-index"
checksum = "f8ca58f447f06ed17d5fc4043ce1b10dd205e060fb3ce5b979b8ed8e59ff3f79"

[[package]]
name = "memoized"
version = "0.0.0"
dependencies = [
 "googletest",
]

[[package]]
name = "multiplatform_testing"
version = "0.0.0"

[[package]]
name = "num-traits"
version = "0.2.19"
source = "registry+https://github.com/rust-lang/crates.io-index"
checksum = "071dfc062690e90b734c0b2273ce72ad0ffa95f0c74596bc250dcfd960262841"
dependencies = [
 "autocfg",
]

[[package]]
name = "once_cell"
version = "1.21.4"
source = "registry+https://github.com/rust-lang/crates.io-index"
checksum = "9f7c3e4beb33f85d45ae3e3a1792185706c8e16d043238c593331cc7cd313b50"

[[package]]
name = "once_cell_polyfill"
version = "1.70.2"
source = "registry+https://github.com/rust-lang/crates.io-index"
checksum = "384b8ab6d37215f3c5301a95a4accb5d64aa607f1fcb26a11b5303878451b4fe"

[[package]]
name = "phf"
version = "0.11.3"
source = "registry+https://github.com/rust-lang/crates.io-index"
checksum = "1fd6780a80ae0c52cc120a26a1a42c1ae51b247a253e4e06113d23d2c2edd078"
dependencies = [
 "phf_macros",
 "phf_shared",
]

[[package]]
name = "phf_generator"
version = "0.11.3"
source = "registry+https://github.com/rust-lang/crates.io-index"
checksum = "3c80231409c20246a13fddb31776fb942c38553c51e871f8cbd687a4cfb5843d"
dependencies = [
 "phf_shared",
 "rand",
]

[[package]]
name = "phf_macros"
version = "0.11.3"
source = "registry+https://github.com/rust-lang/crates.io-index"
checksum = "f84ac04429c13a7ff43785d75ad27569f2951ce0ffd30a3321230db2fc727216"
dependencies = [
 "phf_generator",
 "phf_shared",
 "proc-macro2",
 "quote",
 "syn",
]

[[package]]
name = "phf_shared"
version = "0.11.3"
source = "registry+https://github.com/rust-lang/crates.io-index"
checksum = "67eabc2ef2a60eb7faa00097bd1ffdb5bd28e62bf39990626a582201b7a754e5"
dependencies = [
 "siphasher",
]

[[package]]
name = "pointee_type_sys"
version = "0.0.0"
dependencies = [
 "crubit_build",
]

[[package]]
name = "prettyplease"
version = "0.2.37"
source = "registry+https://github.com/rust-lang/crates.io-index"
checksum = "479ca8adacdd7ce8f1fb39ce9ecccbfe93a3f1344b3d0d97f20bc0196208f62b"
dependencies = [
 "proc-macro2",
 "syn",
]

[[package]]
name = "proc-macro2"
version = "1.0.106"
source = "registry+https://github.com/rust-lang/crates.io-index"
checksum = "8fd00f0bb2e90d81d1044c2b32617f68fcb9fa3bb7640c23e9c748e53fb30934"
dependencies = [
 "unicode-ident",
]

[[package]]
name = "protobuf"
version = "3.7.2"
source = "registry+https://github.com/rust-lang/crates.io-index"
checksum = "d65a1d4ddae7d8b5de68153b48f6aa3bba8cb002b243dbdbc55a5afbc98f99f4"
dependencies = [
 "once_cell",
 "protobuf-support",
 "thiserror 1.0.69",
]

[[package]]
name = "protobuf-support"
version = "3.7.2"
source = "registry+https://github.com/rust-lang/crates.io-index"
checksum = "3e36c2f31e0a47f9280fb347ef5e461ffcd2c52dd520d8e216b52f93b0b0d7d6"
dependencies = [
 "thiserror 1.0.69",
]

[[package]]
name = "quote"
version = "1.0.45"
source = "registry+https://github.com/rust-lang/crates.io-index"
checksum = "41f2619966050689382d2b44f664f4bc593e129785a36d6ee376ddf37259b924"
dependencies = [
 "proc-macro2",
]

[[package]]
name = "r-efi"
version = "5.3.0"
source = "registry+https://github.com/rust-lang/crates.io-index"
checksum = "69cdb34c158ceb288df11e18b4bd39de994f6657d83847bdffdbd7f346754b0f"

[[package]]
name = "r-efi"
version = "6.0.0"
source = "registry+https://github.com/rust-lang/crates.io-index"
checksum = "f8dcc9c7d52a811697d2151c701e0d08956f92b0e24136cf4cf27b57a6a0d9bf"

[[package]]
name = "rand"
version = "0.8.6"
source = "registry+https://github.com/rust-lang/crates.io-index"
checksum = "5ca0ecfa931c29007047d1bc58e623ab12e5590e8c7cc53200d5202b69266d8a"
dependencies = [
 "rand_core",
]

[[package]]
name = "rand_core"
version = "0.6.4"
source = "registry+https://github.com/rust-lang/crates.io-index"
checksum = "ec0be4795e2f6a28069bec0b5ff3e2ac9bafc99e6a9a7dc3547996c5c816922c"

[[package]]
name = "regex"
version = "1.12.3"
source = "registry+https://github.com/rust-lang/crates.io-index"
checksum = "e10754a14b9137dd7b1e3e5b0493cc9171fdd105e0ab477f51b72e7f3ac0e276"
dependencies = [
 "aho-corasick",
 "memchr",
 "regex-automata",
 "regex-syntax",
]

[[package]]
name = "regex-automata"
version = "0.4.14"
source = "registry+https://github.com/rust-lang/crates.io-index"
checksum = "6e1dd4122fc1595e8162618945476892eefca7b88c52820e74af6262213cae8f"
dependencies = [
 "aho-corasick",
 "memchr",
 "regex-syntax",
]

[[package]]
name = "regex-syntax"
version = "0.8.10"
source = "registry+https://github.com/rust-lang/crates.io-index"
checksum = "dc897dd8d9e8bd1ed8cdad82b5966c3e0ecae09fb1907d58efaa013543185d0a"

[[package]]
name = "rs_bindings_from_cc"
version = "0.0.0"
dependencies = [
 "rs_bindings_from_cc_impl_sys",
]

[[package]]
name = "rs_bindings_from_cc_annotations_consumer_sys"
version = "0.0.0"
dependencies = [
 "annotation_reader_sys",
 "crubit_build",
 "rs_bindings_from_cc_cc_ir_sys",
]

[[package]]
name = "rs_bindings_from_cc_ast_consumer_sys"
version = "0.0.0"
dependencies = [
 "crubit_build",
 "rs_bindings_from_cc_importer_sys",
]

[[package]]
name = "rs_bindings_from_cc_ast_convert_sys"
version = "0.0.0"
dependencies = [
 "crubit_build",
 "rs_bindings_from_cc_ast_util_sys",
 "rs_bindings_from_cc_cc_ir_sys",
 "rs_bindings_from_cc_recording_diagnostic_consumer_sys",
]

[[package]]
name = "rs_bindings_from_cc_ast_util_sys"
version = "0.0.0"
dependencies = [
 "annotation_reader_sys",
 "crubit_build",
]

[[package]]
name = "rs_bindings_from_cc_cc_api"
version = "0.0.0"
dependencies = [
 "arc_anyhow",
 "error_report",
 "protobuf",
 "rs_bindings_from_cc_database",
 "rs_bindings_from_cc_generate_bindings",
 "rs_bindings_from_cc_ir",
]

[[package]]
name = "rs_bindings_from_cc_cc_api_ffi"
version = "0.0.0"
dependencies = [
 "ffi_types",
 "protobuf",
 "rs_bindings_from_cc_cc_api",
]

[[package]]
name = "rs_bindings_from_cc_cc_collect_instantiations_sys"
version = "0.0.0"
dependencies = [
 "cc_ffi_types_sys",
 "crubit_build",
 "rs_bindings_from_cc_collect_instantiations",
]

[[package]]
name = "rs_bindings_from_cc_cc_ir_sys"
version = "0.0.0"
dependencies = [
 "crubit_build",
]

[[package]]
name = "rs_bindings_from_cc_class_template_sys"
version = "0.0.0"
dependencies = [
 "crubit_build",
 "rs_bindings_from_cc_cc_ir_sys",
]

[[package]]
name = "rs_bindings_from_cc_cmdline_sys"
version = "0.0.0"
dependencies = [
 "crubit_build",
 "rs_bindings_from_cc_cc_ir_sys",
]

[[package]]
name = "rs_bindings_from_cc_collect_instantiations"
version = "0.0.0"
dependencies = [
 "arc_anyhow",
 "ffi_types",
 "googletest",
 "proc-macro2",
 "quote",
 "serde_json",
 "syn",
]

[[package]]
name = "rs_bindings_from_cc_collect_namespaces_sys"
version = "0.0.0"
dependencies = [
 "crubit_build",
 "rs_bindings_from_cc_cc_ir_sys",
]

[[package]]
name = "rs_bindings_from_cc_cpp_type_name"
version = "0.0.0"
dependencies = [
 "arc_anyhow",
 "code_gen_utils",
 "error_report",
 "proc-macro2",
 "quote",
 "rs_bindings_from_cc_database",
 "rs_bindings_from_cc_ir",
]

[[package]]
name = "rs_bindings_from_cc_cxx_record_sys"
version = "0.0.0"
dependencies = [
 "annotation_reader_sys",
 "crubit_build",
 "rs_bindings_from_cc_ast_convert_sys",
 "rs_bindings_from_cc_ast_util_sys",
 "rs_bindings_from_cc_cc_ir_sys",
 "type_lifetimes_sys",
]

[[package]]
name = "rs_bindings_from_cc_database"
version = "0.0.0"
dependencies = [
 "arc_anyhow",
 "code_gen_utils",
 "crubit_abi_type",
 "crubit_feature",
 "error_report",
 "errors",
 "ffi_types",
 "flagset",
 "heck",
 "itertools",
 "memoized",
 "proc-macro2",
 "quote",
 "rs_bindings_from_cc_ir",
 "serde_json",
 "syn",
 "token_stream_printer",
]

[[package]]
name = "rs_bindings_from_cc_enum_constant_sys"
version = "0.0.0"
dependencies = [
 "crubit_build",
 "rs_bindings_from_cc_ast_util_sys",
 "rs_bindings_from_cc_cc_ir_sys",
]

[[package]]
name = "rs_bindings_from_cc_enum_sys"
version = "0.0.0"
dependencies = [
 "crubit_build",
 "rs_bindings_from_cc_ast_util_sys",
 "rs_bindings_from_cc_cc_ir_sys",
 "type_lifetimes_sys",
]

[[package]]
name = "rs_bindings_from_cc_existing_rust_type_sys"
version = "0.0.0"
dependencies = [
 "annotation_reader_sys",
 "crubit_build",
 "rs_bindings_from_cc_cc_ir_sys",
]

[[package]]
name = "rs_bindings_from_cc_friend_sys"
version = "0.0.0"
dependencies = [
 "crubit_build",
 "rs_bindings_from_cc_cc_ir_sys",
]

[[package]]
name = "rs_bindings_from_cc_frontend_action_sys"
version = "0.0.0"
dependencies = [
 "crubit_build",
 "lifetime_annotations_sys",
 "rs_bindings_from_cc_ast_consumer_sys",
]

[[package]]
name = "rs_bindings_from_cc_function_sys"
version = "0.0.0"
dependencies = [
 "annotation_reader_sys",
 "crubit_build",
 "lifetime_annotations_sys",
 "lifetime_symbol_table_sys",
 "lifetime_sys",
 "rs_bindings_from_cc_ast_util_sys",
 "rs_bindings_from_cc_cc_ir_sys",
 "rs_bindings_from_cc_recording_diagnostic_consumer_sys",
 "type_lifetimes_sys",
]

[[package]]
name = "rs_bindings_from_cc_function_template_sys"
version = "0.0.0"
dependencies = [
 "crubit_build",
 "rs_bindings_from_cc_cc_ir_sys",
]

[[package]]
name = "rs_bindings_from_cc_generate_bindings"
version = "0.0.0"
dependencies = [
 "arc_anyhow",
 "code_gen_utils",
 "crubit_abi_type",
 "crubit_feature",
 "dyn_format",
 "error_report",
 "errors",
 "flagset",
 "googletest",
 "heck",
 "itertools",
 "kythe_metadata",
 "multiplatform_testing",
 "proc-macro2",
 "quote",
 "rs_bindings_from_cc_cpp_type_name",
 "rs_bindings_from_cc_database",
 "rs_bindings_from_cc_generate_comment",
 "rs_bindings_from_cc_generate_enum",
 "rs_bindings_from_cc_generate_function",
 "rs_bindings_from_cc_generate_function_thunk",
 "rs_bindings_from_cc_generate_struct_and_union",
 "rs_bindings_from_cc_has_bindings",
 "rs_bindings_from_cc_ir",
 "rs_bindings_from_cc_ir_matchers",
 "rs_bindings_from_cc_ir_testing",
 "rs_bindings_from_cc_lifetime_defaults_transform",
 "rs_bindings_from_cc_multiplatform_ir_testing",
 "rs_bindings_from_cc_rs_type_kind",
 "rs_bindings_from_cc_test_generators",
 "static_assertions",
 "syn",
 "token_stream_matchers",
 "token_stream_printer",
 "unicode-ident",
]

[[package]]
name = "rs_bindings_from_cc_generate_bindings_and_metadata_sys"
version = "0.0.0"
dependencies = [
 "crubit_build",
 "rs_bindings_from_cc_cc_collect_instantiations_sys",
 "rs_bindings_from_cc_cc_ir_sys",
 "rs_bindings_from_cc_cmdline_sys",
 "rs_bindings_from_cc_collect_namespaces_sys",
 "rs_bindings_from_cc_ir_from_cc_sys",
 "rs_bindings_from_cc_src_code_gen_sys",
]

[[package]]
name = "rs_bindings_from_cc_generate_comment"
version = "0.0.0"
dependencies = [
 "arc_anyhow",
 "code_gen_utils",
 "crubit_feature",
 "error_report",
 "googletest",
 "itertools",
 "once_cell",
 "proc-macro2",
 "quote",
 "regex",
 "rs_bindings_from_cc_database",
 "rs_bindings_from_cc_generate_bindings",
 "rs_bindings_from_cc_generate_comment",
 "rs_bindings_from_cc_ir",
 "rs_bindings_from_cc_ir_matchers",
 "rs_bindings_from_cc_ir_testing",
 "token_stream_matchers",
]

[[package]]
name = "rs_bindings_from_cc_generate_enum"
version = "0.0.0"
dependencies = [
 "arc_anyhow",
 "code_gen_utils",
 "crubit_feature",
 "error_report",
 "googletest",
 "proc-macro2",
 "quote",
 "rs_bindings_from_cc_database",
 "rs_bindings_from_cc_generate_bindings",
 "rs_bindings_from_cc_generate_comment",
 "rs_bindings_from_cc_ir",
 "rs_bindings_from_cc_multiplatform_ir_testing",
 "rs_bindings_from_cc_test_generators",
 "token_stream_matchers",
]

[[package]]
name = "rs_bindings_from_cc_generate_function"
version = "0.0.0"
dependencies = [
 "arc_anyhow",
 "code_gen_utils",
 "crubit_abi_type",
 "crubit_feature",
 "error_report",
 "errors",
 "flagset",
 "googletest",
 "itertools",
 "multiplatform_testing",
 "proc-macro2",
 "quote",
 "rs_bindings_from_cc_database",
 "rs_bindings_from_cc_generate_bindings",
 "rs_bindings_from_cc_generate_comment",
 "rs_bindings_from_cc_generate_function_thunk",
 "rs_bindings_from_cc_has_bindings",
 "rs_bindings_from_cc_ir",
 "rs_bindings_from_cc_ir_matchers",
 "rs_bindings_from_cc_ir_testing",
 "rs_bindings_from_cc_lifetime_defaults_transform",
 "rs_bindings_from_cc_multiplatform_ir_testing",
 "rs_bindings_from_cc_test_generators",
 "rustversion",
 "static_assertions",
 "syn",
 "token_stream_matchers",
 "token_stream_printer",
]

[[package]]
name = "rs_bindings_from_cc_generate_function_thunk"
version = "0.0.0"
dependencies = [
 "arc_anyhow",
 "code_gen_utils",
 "crubit_abi_type",
 "crubit_feature",
 "error_report",
 "itertools",
 "proc-macro2",
 "quote",
 "rs_bindings_from_cc_cpp_type_name",
 "rs_bindings_from_cc_database",
 "rs_bindings_from_cc_ir",
 "rs_bindings_from_cc_lifetime_defaults_transform",
 "syn",
 "unicode-ident",
]

[[package]]
name = "rs_bindings_from_cc_generate_struct_and_union"
version = "0.0.0"
dependencies = [
 "arc_anyhow",
 "code_gen_utils",
 "crubit_feature",
 "error_report",
 "flagset",
 "googletest",
 "itertools",
 "multiplatform_testing",
 "proc-macro2",
 "quote",
 "rs_bindings_from_cc_cpp_type_name",
 "rs_bindings_from_cc_database",
 "rs_bindings_from_cc_generate_bindings",
 "rs_bindings_from_cc_generate_comment",
 "rs_bindings_from_cc_generate_struct_and_union",
 "rs_bindings_from_cc_ir",
 "rs_bindings_from_cc_ir_matchers",
 "rs_bindings_from_cc_ir_testing",
 "rs_bindings_from_cc_lifetime_defaults_transform",
 "rs_bindings_from_cc_multiplatform_ir_testing",
 "rs_bindings_from_cc_test_generators",
 "static_assertions",
 "syn",
 "token_stream_matchers",
 "token_stream_printer",
]

[[package]]
name = "rs_bindings_from_cc_has_bindings"
version = "0.0.0"
dependencies = [
 "arc_anyhow",
 "crubit_feature",
 "error_report",
 "heck",
 "rs_bindings_from_cc_database",
 "rs_bindings_from_cc_ir",
]

[[package]]
name = "rs_bindings_from_cc_impl_sys"
version = "0.0.0"
dependencies = [
 "crubit_build",
 "file_io_sys",
 "rs_bindings_from_cc_cc_ir_sys",
 "rs_bindings_from_cc_cmdline_sys",
 "rs_bindings_from_cc_collect_namespaces_sys",
 "rs_bindings_from_cc_generate_bindings_and_metadata_sys",
]

[[package]]
name = "rs_bindings_from_cc_importer_sys"
version = "0.0.0"
dependencies = [
 "annotation_reader_sys",
 "crubit_build",
 "rs_bindings_from_cc_annotations_consumer_sys",
 "rs_bindings_from_cc_ast_util_sys",
 "rs_bindings_from_cc_cc_ir_sys",
 "rs_bindings_from_cc_class_template_sys",
 "rs_bindings_from_cc_cxx_record_sys",
 "rs_bindings_from_cc_enum_constant_sys",
 "rs_bindings_from_cc_enum_sys",
 "rs_bindings_from_cc_existing_rust_type_sys",
 "rs_bindings_from_cc_friend_sys",
 "rs_bindings_from_cc_function_sys",
 "rs_bindings_from_cc_function_template_sys",
 "rs_bindings_from_cc_namespace_sys",
 "rs_bindings_from_cc_recording_diagnostic_consumer_sys",
 "rs_bindings_from_cc_type_alias_sys",
 "rs_bindings_from_cc_type_map_sys",
 "rs_bindings_from_cc_var_sys",
 "type_lifetimes_sys",
]

[[package]]
name = "rs_bindings_from_cc_ir"
version = "0.0.0"
dependencies = [
 "arc_anyhow",
 "code_gen_utils",
 "crubit_feature",
 "error_report",
 "flagset",
 "googletest",
 "itertools",
 "proc-macro2",
 "quote",
 "serde",
 "serde_json",
]

[[package]]
name = "rs_bindings_from_cc_ir_from_cc_dependency_sys"
version = "0.0.0"
dependencies = [
 "cc_ffi_types_sys",
 "crubit_build",
 "rs_bindings_from_cc_cc_ir_sys",
 "rs_bindings_from_cc_ir_from_cc_sys",
]

[[package]]
name = "rs_bindings_from_cc_ir_from_cc_sys"
version = "0.0.0"
dependencies = [
 "crubit_build",
 "rs_bindings_from_cc_cc_ir_sys",
 "rs_bindings_from_cc_frontend_action_sys",
]

[[package]]
name = "rs_bindings_from_cc_ir_matchers"
version = "0.0.0"
dependencies = [
 "anyhow",
 "arc_anyhow",
 "googletest",
 "itertools",
 "multiplatform_testing",
 "proc-macro2",
 "quote",
 "rs_bindings_from_cc_ir",
 "rs_bindings_from_cc_ir_testing",
 "token_stream_matchers",
 "token_stream_printer",
]

[[package]]
name = "rs_bindings_from_cc_ir_testing"
version = "0.0.0"
dependencies = [
 "arc_anyhow",
 "crubit_feature",
 "ffi_types",
 "flagset",
 "googletest",
 "itertools",
 "multiplatform_testing",
 "protobuf",
 "quote",
 "rs_bindings_from_cc_ir",
 "rs_bindings_from_cc_ir_matchers",
 "rs_bindings_from_cc_ir_testing",
 "rs_bindings_from_cc_json_from_cc_sys",
 "rs_bindings_from_cc_proto_from_cc_sys",
]

[[package]]
name = "rs_bindings_from_cc_json_from_cc_sys"
version = "0.0.0"
dependencies = [
 "cc_ffi_types_sys",
 "crubit_build",
 "rs_bindings_from_cc_cc_ir_sys",
 "rs_bindings_from_cc_ir_from_cc_dependency_sys",
]

[[package]]
name = "rs_bindings_from_cc_lifetime_defaults_transform"
version = "0.0.0"
dependencies = [
 "arc_anyhow",
 "code_gen_utils",
 "crubit_abi_type",
 "crubit_feature",
 "error_report",
 "googletest",
 "itertools",
 "memoized",
 "multiplatform_testing",
 "proc-macro2",
 "quote",
 "rs_bindings_from_cc_database",
 "rs_bindings_from_cc_generate_bindings",
 "rs_bindings_from_cc_ir",
 "rs_bindings_from_cc_ir_matchers",
 "rs_bindings_from_cc_ir_testing",
 "rs_bindings_from_cc_lifetime_defaults_transform",
 "rs_bindings_from_cc_multiplatform_ir_testing",
 "syn",
 "unicode-ident",
]

[[package]]
name = "rs_bindings_from_cc_multiplatform_ir_testing"
version = "0.0.0"
dependencies = [
 "arc_anyhow",
 "multiplatform_testing",
 "rs_bindings_from_cc_ir",
 "rs_bindings_from_cc_ir_testing",
]

[[package]]
name = "rs_bindings_from_cc_namespace_sys"
version = "0.0.0"
dependencies = [
 "crubit_build",
 "rs_bindings_from_cc_ast_util_sys",
 "rs_bindings_from_cc_cc_ir_sys",
]

[[package]]
name = "rs_bindings_from_cc_proto_from_cc_sys"
version = "0.0.0"
dependencies = [
 "cc_ffi_types_sys",
 "crubit_build",
 "rs_bindings_from_cc_cc_ir_sys",
 "rs_bindings_from_cc_ir_from_cc_dependency_sys",
]

[[package]]
name = "rs_bindings_from_cc_recording_diagnostic_consumer_sys"
version = "0.0.0"
dependencies = [
 "crubit_build",
]

[[package]]
name = "rs_bindings_from_cc_rs_type_kind"
version = "0.0.0"
dependencies = [
 "arc_anyhow",
 "crubit_feature",
 "error_report",
 "rs_bindings_from_cc_cpp_type_name",
 "rs_bindings_from_cc_database",
 "rs_bindings_from_cc_has_bindings",
 "rs_bindings_from_cc_ir",
 "rs_bindings_from_cc_lifetime_defaults_transform",
]

[[package]]
name = "rs_bindings_from_cc_src_code_gen_ffi_sys"
version = "0.0.0"
dependencies = [
 "cc_ffi_types_sys",
 "crubit_build",
]

[[package]]
name = "rs_bindings_from_cc_src_code_gen_sys"
version = "0.0.0"
dependencies = [
 "crubit_build",
 "rs_bindings_from_cc_cc_api_ffi",
 "rs_bindings_from_cc_cc_ir_sys",
 "rs_bindings_from_cc_src_code_gen_ffi_sys",
]

[[package]]
name = "rs_bindings_from_cc_test_generators"
version = "0.0.0"
dependencies = [
 "arc_anyhow",
 "dyn_format",
 "error_report",
 "rs_bindings_from_cc_database",
 "rs_bindings_from_cc_generate_bindings",
 "rs_bindings_from_cc_ir",
 "rs_bindings_from_cc_multiplatform_ir_testing",
]

[[package]]
name = "rs_bindings_from_cc_type_alias_sys"
version = "0.0.0"
dependencies = [
 "crubit_build",
 "rs_bindings_from_cc_ast_util_sys",
 "rs_bindings_from_cc_cc_ir_sys",
 "type_lifetimes_sys",
]

[[package]]
name = "rs_bindings_from_cc_type_map_sys"
version = "0.0.0"
dependencies = [
 "crubit_build",
 "rs_bindings_from_cc_cc_ir_sys",
]

[[package]]
name = "rs_bindings_from_cc_var_sys"
version = "0.0.0"
dependencies = [
 "crubit_build",
 "rs_bindings_from_cc_ast_util_sys",
 "rs_bindings_from_cc_cc_ir_sys",
]

[[package]]
name = "rustix"
version = "1.1.4"
source = "registry+https://github.com/rust-lang/crates.io-index"
checksum = "b6fe4565b9518b83ef4f91bb47ce29620ca828bd32cb7e408f0062e9930ba190"
dependencies = [
 "bitflags",
 "errno",
 "libc",
 "linux-raw-sys",
 "windows-sys",
]

[[package]]
name = "rustversion"
version = "1.0.22"
source = "registry+https://github.com/rust-lang/crates.io-index"
checksum = "b39cdef0fa800fc44525c84ccb54a029961a8215f9619753635a9c0d2538d46d"

[[package]]
name = "semver"
version = "1.0.28"
source = "registry+https://github.com/rust-lang/crates.io-index"
checksum = "8a7852d02fc848982e0c167ef163aaff9cd91dc640ba85e263cb1ce46fae51cd"
dependencies = [
 "serde",
 "serde_core",
]

[[package]]
name = "serde"
version = "1.0.228"
source = "registry+https://github.com/rust-lang/crates.io-index"
checksum = "9a8e94ea7f378bd32cbbd37198a4a91436180c5bb472411e48b5ec2e2124ae9e"
dependencies = [
 "serde_core",
 "serde_derive",
]

[[package]]
name = "serde_core"
version = "1.0.228"
source = "registry+https://github.com/rust-lang/crates.io-index"
checksum = "41d385c7d4ca58e59fc732af25c3983b67ac852c1a25000afe1175de458b67ad"
dependencies = [
 "serde_derive",
]

[[package]]
name = "serde_derive"
version = "1.0.228"
source = "registry+https://github.com/rust-lang/crates.io-index"
checksum = "d540f220d3187173da220f885ab66608367b6574e925011a9353e4badda91d79"
dependencies = [
 "proc-macro2",
 "quote",
 "syn",
]

[[package]]
name = "serde_json"
version = "1.0.149"
source = "registry+https://github.com/rust-lang/crates.io-index"
checksum = "83fc039473c5595ace860d8c4fafa220ff474b3fc6bfdb4293327f1a37e94d86"
dependencies = [
 "itoa",
 "memchr",
 "serde",
 "serde_core",
 "zmij",
]

[[package]]
name = "shlex"
version = "1.3.0"
source = "registry+https://github.com/rust-lang/crates.io-index"
checksum = "0fda2ff0d084019ba4d7c6f371c95d8fd75ce3524c3cb8fb653a3023f6323e64"

[[package]]
name = "siphasher"
version = "1.0.3"
source = "registry+https://github.com/rust-lang/crates.io-index"
checksum = "8ee5873ec9cce0195efcb7a4e9507a04cd49aec9c83d0389df45b1ef7ba2e649"

[[package]]
name = "static_assertions"
version = "1.1.0"
source = "registry+https://github.com/rust-lang/crates.io-index"
checksum = "a2eb9349b6444b326872e140eb1cf5e7c522154d69e7a0ffb0fb81c06b37543f"

[[package]]
name = "strsim"
version = "0.11.1"
source = "registry+https://github.com/rust-lang/crates.io-index"
checksum = "7da8b5736845d9f2fcb837ea5d9e2628564b3b043a70948a3f0b778838c5fb4f"

[[package]]
name = "syn"
version = "2.0.117"
source = "registry+https://github.com/rust-lang/crates.io-index"
checksum = "e665b8803e7b1d2a727f4023456bbbbe74da67099c585258af0ad9c5013b9b99"
dependencies = [
 "proc-macro2",
 "quote",
 "unicode-ident",
]

[[package]]
name = "tempfile"
version = "3.27.0"
source = "registry+https://github.com/rust-lang/crates.io-index"
checksum = "32497e9a4c7b38532efcdebeef879707aa9f794296a4f0244f6f69e9bc8574bd"
dependencies = [
 "fastrand",
 "getrandom 0.4.2",
 "once_cell",
 "rustix",
 "windows-sys",
]

[[package]]
name = "thiserror"
version = "1.0.69"
source = "registry+https://github.com/rust-lang/crates.io-index"
checksum = "b6aaf5339b578ea85b50e080feb250a3e8ae8cfcdff9a461c9ec2904bc923f52"
dependencies = [
 "thiserror-impl 1.0.69",
]

[[package]]
name = "thiserror"
version = "2.0.18"
source = "registry+https://github.com/rust-lang/crates.io-index"
checksum = "4288b5bcbc7920c07a1149a35cf9590a2aa808e0bc1eafaade0b80947865fbc4"
dependencies = [
 "thiserror-impl 2.0.18",
]

[[package]]
name = "thiserror-impl"
version = "1.0.69"
source = "registry+https://github.com/rust-lang/crates.io-index"
checksum = "4fee6c4efc90059e10f81e6d42c60a18f76588c3d74cb83a0b242a2b6c7504c1"
dependencies = [
 "proc-macro2",
 "quote",
 "syn",
]

[[package]]
name = "thiserror-impl"
version = "2.0.18"
source = "registry+https://github.com/rust-lang/crates.io-index"
checksum = "ebc4ee7f67670e9b64d05fa4253e753e016c6c95ff35b89b7941d6b856dec1d5"
dependencies = [
 "proc-macro2",
 "quote",
 "syn",
]

[[package]]
name = "token_stream_matchers"
version = "0.0.0"
dependencies = [
 "anyhow",
 "googletest",
 "indenter",
 "proc-macro2",
 "quote",
 "token_stream_matchers_fastpath",
 "token_stream_printer",
]

[[package]]
name = "token_stream_matchers_fastpath"
version = "0.0.0"
dependencies = [
 "anyhow",
 "proc-macro2",
 "token_stream_printer",
]

[[package]]
name = "token_stream_printer"
version = "0.0.0"
dependencies = [
 "anyhow",
 "external_binaries",
 "ffi_types",
 "googletest",
 "proc-macro2",
 "quote",
 "tempfile",
]

[[package]]
name = "type_lifetimes_sys"
version = "0.0.0"
dependencies = [
 "crubit_build",
 "lifetime_substitutions_sys",
 "lifetime_symbol_table_sys",
 "lifetime_sys",
 "pointee_type_sys",
]

[[package]]
name = "unicode-ident"
version = "1.0.24"
source = "registry+https://github.com/rust-lang/crates.io-index"
checksum = "e6e4313cd5fcd3dad5cafa179702e2b244f760991f45397d14d4ebf38247da75"

[[package]]
name = "unicode-xid"
version = "0.2.6"
source = "registry+https://github.com/rust-lang/crates.io-index"
checksum = "ebc1c04c71510c7f702b52b7c350734c9ff1295c464a03335b00bb84fc54f853"

[[package]]
name = "utf8parse"
version = "0.2.2"
source = "registry+https://github.com/rust-lang/crates.io-index"
checksum = "06abde3611657adf66d383f00b093d7faecc7fa57071cce2578660c9f1010821"

[[package]]
name = "wasip2"
version = "1.0.3+wasi-0.2.9"
source = "registry+https://github.com/rust-lang/crates.io-index"
checksum = "20064672db26d7cdc89c7798c48a0fdfac8213434a1186e5ef29fd560ae223d6"
dependencies = [
 "wit-bindgen 0.57.1",
]

[[package]]
name = "wasip3"
version = "0.4.0+wasi-0.3.0-rc-2026-01-06"
source = "registry+https://github.com/rust-lang/crates.io-index"
checksum = "5428f8bf88ea5ddc08faddef2ac4a67e390b88186c703ce6dbd955e1c145aca5"
dependencies = [
 "wit-bindgen 0.51.0",
]

[[package]]
name = "wasm-encoder"
version = "0.244.0"
source = "registry+https://github.com/rust-lang/crates.io-index"
checksum = "990065f2fe63003fe337b932cfb5e3b80e0b4d0f5ff650e6985b1048f62c8319"
dependencies = [
 "leb128fmt",
 "wasmparser",
]

[[package]]
name = "wasm-metadata"
version = "0.244.0"
source = "registry+https://github.com/rust-lang/crates.io-index"
checksum = "bb0e353e6a2fbdc176932bbaab493762eb1255a7900fe0fea1a2f96c296cc909"
dependencies = [
 "anyhow",
 "indexmap",
 "wasm-encoder",
 "wasmparser",
]

[[package]]
name = "wasmparser"
version = "0.244.0"
source = "registry+https://github.com/rust-lang/crates.io-index"
checksum = "47b807c72e1bac69382b3a6fb3dbe8ea4c0ed87ff5629b8685ae6b9a611028fe"
dependencies = [
 "bitflags",
 "hashbrown 0.15.5",
 "indexmap",
 "semver",
]

[[package]]
name = "windows-link"
version = "0.2.1"
source = "registry+https://github.com/rust-lang/crates.io-index"
checksum = "f0805222e57f7521d6a62e36fa9163bc891acd422f971defe97d64e70d0a4fe5"

[[package]]
name = "windows-sys"
version = "0.61.2"
source = "registry+https://github.com/rust-lang/crates.io-index"
checksum = "ae137229bcbd6cdf0f7b80a31df61766145077ddf49416a728b02cb3921ff3fc"
dependencies = [
 "windows-link",
]

[[package]]
name = "wit-bindgen"
version = "0.51.0"
source = "registry+https://github.com/rust-lang/crates.io-index"
checksum = "d7249219f66ced02969388cf2bb044a09756a083d0fab1e566056b04d9fbcaa5"
dependencies = [
 "wit-bindgen-rust-macro",
]

[[package]]
name = "wit-bindgen"
version = "0.57.1"
source = "registry+https://github.com/rust-lang/crates.io-index"
checksum = "1ebf944e87a7c253233ad6766e082e3cd714b5d03812acc24c318f549614536e"

[[package]]
name = "wit-bindgen-core"
version = "0.51.0"
source = "registry+https://github.com/rust-lang/crates.io-index"
checksum = "ea61de684c3ea68cb082b7a88508a8b27fcc8b797d738bfc99a82facf1d752dc"
dependencies = [
 "anyhow",
 "heck",
 "wit-parser",
]

[[package]]
name = "wit-bindgen-rust"
version = "0.51.0"
source = "registry+https://github.com/rust-lang/crates.io-index"
checksum = "b7c566e0f4b284dd6561c786d9cb0142da491f46a9fbed79ea69cdad5db17f21"
dependencies = [
 "anyhow",
 "heck",
 "indexmap",
 "prettyplease",
 "syn",
 "wasm-metadata",
 "wit-bindgen-core",
 "wit-component",
]

[[package]]
name = "wit-bindgen-rust-macro"
version = "0.51.0"
source = "registry+https://github.com/rust-lang/crates.io-index"
checksum = "0c0f9bfd77e6a48eccf51359e3ae77140a7f50b1e2ebfe62422d8afdaffab17a"
dependencies = [
 "anyhow",
 "prettyplease",
 "proc-macro2",
 "quote",
 "syn",
 "wit-bindgen-core",
 "wit-bindgen-rust",
]

[[package]]
name = "wit-component"
version = "0.244.0"
source = "registry+https://github.com/rust-lang/crates.io-index"
checksum = "9d66ea20e9553b30172b5e831994e35fbde2d165325bec84fc43dbf6f4eb9cb2"
dependencies = [
 "anyhow",
 "bitflags",
 "indexmap",
 "log",
 "serde",
 "serde_derive",
 "serde_json",
 "wasm-encoder",
 "wasm-metadata",
 "wasmparser",
 "wit-parser",
]

[[package]]
name = "wit-parser"
version = "0.244.0"
source = "registry+https://github.com/rust-lang/crates.io-index"
checksum = "ecc8ac4bc1dc3381b7f59c34f00b67e18f910c2c0f50015669dde7def656a736"
dependencies = [
 "anyhow",
 "id-arena",
 "indexmap",
 "log",
 "semver",
 "serde",
 "serde_derive",
 "serde_json",
 "unicode-xid",
 "wasmparser",
]

[[package]]
name = "zmij"
version = "1.0.21"
source = "registry+https://github.com/rust-lang/crates.io-index"
checksum = "b8848ee67ecc8aedbaf3e4122217aff892639231befc6a1b58d29fff4c2cabaa"
